
Microsoft Visual Studio Solution File, Format Version 12.00
# Visual Studio 2013
VisualStudioVersion = 12.0.30501.0
MinimumVisualStudioVersion = 10.0.40219.1
Project("{F184B08F-C81C-45F6-A57F-5ABD9991F28F}") = "ACPlugInTemplate", "ACPlugInTemplate\ACPlugInTemplate.vbproj", "{4E4F95B2-2EFB-4A78-9B60-12D1C4CAEF5B}"
EndProject
Global
	GlobalSection(SolutionConfigurationPlatforms) = preSolution
		Debug|Any CPU = Debug|Any CPU
		Release|Any CPU = Release|Any CPU
	EndGlobalSection
	GlobalSection(ProjectConfigurationPlatforms) = postSolution
		{4E4F95B2-2EFB-4A78-9B60-12D1C4CAEF5B}.Debug|Any CPU.ActiveCfg = Debug|Any CPU
		{4E4F95B2-2EFB-4A78-9B60-12D1C4CAEF5B}.Debug|Any CPU.Build.0 = Debug|Any CPU
		{4E4F95B2-2EFB-4A78-9B60-12D1C4CAEF5B}.Release|Any CPU.ActiveCfg = Release|Any CPU
		{4E4F95B2-2EFB-4A78-9B60-12D1C4CAEF5B}.Release|Any CPU.Build.0 = Release|Any CPU
	EndGlobalSection
	GlobalSection(SolutionProperties) = preSolution
		HideSolutionNode = FALSE
	EndGlobalSection
EndGlobal
